
Microsoft Visual Studio Solution File, Format Version 12.00
# Visual Studio Version 17
VisualStudioVersion = 17.11.35222.181
MinimumVisualStudioVersion = 10.0.40219.1
Project("{9A19103F-16F7-4668-BE54-9A1E7A4F7556}") = "Lab1", "Lab1\Lab1.csproj", "{A01A0931-7008-4C81-806A-E790ABCEDAB4}"
EndProject
Project("{9A19103F-16F7-4668-BE54-9A1E7A4F7556}") = "Test", "Test\Test.csproj", "{6F483092-AFC7-469B-9CDB-CDEB18F40BC6}"
EndProject
Project("{FAE04EC0-301F-11D3-BF4B-00C04F79EFBC}") = "Lab2", "Lab2\Lab2.csproj", "{5772EEBA-B9E6-44C9-9B02-DC370812790E}"
EndProject
Global
	GlobalSection(SolutionConfigurationPlatforms) = preSolution
		Debug|Any CPU = Debug|Any CPU
		Release|Any CPU = Release|Any CPU
	EndGlobalSection
	GlobalSection(ProjectConfigurationPlatforms) = postSolution
		{A01A0931-7008-4C81-806A-E790ABCEDAB4}.Debug|Any CPU.ActiveCfg = Debug|Any CPU
		{A01A0931-7008-4C81-806A-E790ABCEDAB4}.Debug|Any CPU.Build.0 = Debug|Any CPU
		{A01A0931-7008-4C81-806A-E790ABCEDAB4}.Release|Any CPU.ActiveCfg = Release|Any CPU
		{A01A0931-7008-4C81-806A-E790ABCEDAB4}.Release|Any CPU.Build.0 = Release|Any CPU
		{6F483092-AFC7-469B-9CDB-CDEB18F40BC6}.Debug|Any CPU.ActiveCfg = Debug|Any CPU
		{6F483092-AFC7-469B-9CDB-CDEB18F40BC6}.Debug|Any CPU.Build.0 = Debug|Any CPU
		{6F483092-AFC7-469B-9CDB-CDEB18F40BC6}.Release|Any CPU.ActiveCfg = Release|Any CPU
		{6F483092-AFC7-469B-9CDB-CDEB18F40BC6}.Release|Any CPU.Build.0 = Release|Any CPU
		{5772EEBA-B9E6-44C9-9B02-DC370812790E}.Debug|Any CPU.ActiveCfg = Debug|Any CPU
		{5772EEBA-B9E6-44C9-9B02-DC370812790E}.Debug|Any CPU.Build.0 = Debug|Any CPU
		{5772EEBA-B9E6-44C9-9B02-DC370812790E}.Release|Any CPU.ActiveCfg = Release|Any CPU
		{5772EEBA-B9E6-44C9-9B02-DC370812790E}.Release|Any CPU.Build.0 = Release|Any CPU
	EndGlobalSection
	GlobalSection(SolutionProperties) = preSolution
		HideSolutionNode = FALSE
	EndGlobalSection
	GlobalSection(ExtensibilityGlobals) = postSolution
		SolutionGuid = {F74612E4-DB07-455E-B252-3EC58119C9D2}
	EndGlobalSection
EndGlobal
